// !$*UTF8*$!
{
	archiveVersion = 1;
	classes = {
	};
	objectVersion = 56;
	objects = {

/* Begin PBXBuildFile section */
		D0466CB62A93AB8C0069C873 /* UIView+Extension.swift in Sources */ = {isa = PBXBuildFile; fileRef = D0466CB52A93AB8C0069C873 /* UIView+Extension.swift */; };
		D0466CB82A9427390069C873 /* WeatherState.swift in Sources */ = {isa = PBXBuildFile; fileRef = D0466CB72A9427390069C873 /* WeatherState.swift */; };
		D0466CBB2A943DD70069C873 /* WeatherConstants.swift in Sources */ = {isa = PBXBuildFile; fileRef = D0466CBA2A943DD70069C873 /* WeatherConstants.swift */; };
		D0466CBD2A94F3790069C873 /* WeatherStateConstants.swift in Sources */ = {isa = PBXBuildFile; fileRef = D0466CBC2A94F3790069C873 /* WeatherStateConstants.swift */; };
		D081B00F2A9170CC00466C28 /* AppDelegate.swift in Sources */ = {isa = PBXBuildFile; fileRef = D081B00E2A9170CC00466C28 /* AppDelegate.swift */; };
		D081B0112A9170CC00466C28 /* SceneDelegate.swift in Sources */ = {isa = PBXBuildFile; fileRef = D081B0102A9170CC00466C28 /* SceneDelegate.swift */; };
		D081B0132A9170CC00466C28 /* MainViewController.swift in Sources */ = {isa = PBXBuildFile; fileRef = D081B0122A9170CC00466C28 /* MainViewController.swift */; };
		D081B0182A9170CD00466C28 /* Assets.xcassets in Resources */ = {isa = PBXBuildFile; fileRef = D081B0172A9170CD00466C28 /* Assets.xcassets */; };
		D081B01B2A9170CD00466C28 /* LaunchScreen.storyboard in Resources */ = {isa = PBXBuildFile; fileRef = D081B0192A9170CD00466C28 /* LaunchScreen.storyboard */; };
		D081B0232A91730B00466C28 /* AppCoordinator.swift in Sources */ = {isa = PBXBuildFile; fileRef = D081B0222A91730B00466C28 /* AppCoordinator.swift */; };
		D081B0272A91771300466C28 /* MainViewModel.swift in Sources */ = {isa = PBXBuildFile; fileRef = D081B0262A91771300466C28 /* MainViewModel.swift */; };
		D081B0302A9196DA00466C28 /* WeatherData.swift in Sources */ = {isa = PBXBuildFile; fileRef = D081B02F2A9196DA00466C28 /* WeatherData.swift */; };
		D081B0332A9197FA00466C28 /* SnapKit in Frameworks */ = {isa = PBXBuildFile; productRef = D081B0322A9197FA00466C28 /* SnapKit */; };
		D081B0372A919D8B00466C28 /* NetworkService.swift in Sources */ = {isa = PBXBuildFile; fileRef = D081B0362A919D8B00466C28 /* NetworkService.swift */; };
		D081B0392A919E2A00466C28 /* Endpoint.swift in Sources */ = {isa = PBXBuildFile; fileRef = D081B0382A919E2A00466C28 /* Endpoint.swift */; };
		D081B03D2A919EBF00466C28 /* Endpoint+URL.swift in Sources */ = {isa = PBXBuildFile; fileRef = D081B03C2A919EBF00466C28 /* Endpoint+URL.swift */; };
		D081B03F2A91A05700466C28 /* Endpoint+City.swift in Sources */ = {isa = PBXBuildFile; fileRef = D081B03E2A91A05700466C28 /* Endpoint+City.swift */; };
		D081B0412A91A24F00466C28 /* NetworkError.swift in Sources */ = {isa = PBXBuildFile; fileRef = D081B0402A91A24F00466C28 /* NetworkError.swift */; };
		D081B0432A91A4A700466C28 /* Apikey.swift in Sources */ = {isa = PBXBuildFile; fileRef = D081B0422A91A4A700466C28 /* Apikey.swift */; };
		D081B0462A91A56900466C28 /* WeatherService.swift in Sources */ = {isa = PBXBuildFile; fileRef = D081B0452A91A56900466C28 /* WeatherService.swift */; };
		D081B0492A91AEEB00466C28 /* UITextfield+Extensions.swift in Sources */ = {isa = PBXBuildFile; fileRef = D081B0482A91AEEB00466C28 /* UITextfield+Extensions.swift */; };
/* End PBXBuildFile section */

/* Begin PBXFileReference section */
		D0466CB52A93AB8C0069C873 /* UIView+Extension.swift */ = {isa = PBXFileReference; fileEncoding = 4; lastKnownFileType = sourcecode.swift; path = "UIView+Extension.swift"; sourceTree = "<group>"; };
		D0466CB72A9427390069C873 /* WeatherState.swift */ = {isa = PBXFileReference; lastKnownFileType = sourcecode.swift; path = WeatherState.swift; sourceTree = "<group>"; };
		D0466CBA2A943DD70069C873 /* WeatherConstants.swift */ = {isa = PBXFileReference; lastKnownFileType = sourcecode.swift; path = WeatherConstants.swift; sourceTree = "<group>"; };
		D0466CBC2A94F3790069C873 /* WeatherStateConstants.swift */ = {isa = PBXFileReference; lastKnownFileType = sourcecode.swift; path = WeatherStateConstants.swift; sourceTree = "<group>"; };
		D081B00B2A9170CC00466C28 /* WeatherApp.app */ = {isa = PBXFileReference; explicitFileType = wrapper.application; includeInIndex = 0; path = WeatherApp.app; sourceTree = BUILT_PRODUCTS_DIR; };
		D081B00E2A9170CC00466C28 /* AppDelegate.swift */ = {isa = PBXFileReference; lastKnownFileType = sourcecode.swift; path = AppDelegate.swift; sourceTree = "<group>"; };
		D081B0102A9170CC00466C28 /* SceneDelegate.swift */ = {isa = PBXFileReference; lastKnownFileType = sourcecode.swift; path = SceneDelegate.swift; sourceTree = "<group>"; };
		D081B0122A9170CC00466C28 /* MainViewController.swift */ = {isa = PBXFileReference; lastKnownFileType = sourcecode.swift; path = MainViewController.swift; sourceTree = "<group>"; };
		D081B0172A9170CD00466C28 /* Assets.xcassets */ = {isa = PBXFileReference; lastKnownFileType = folder.assetcatalog; path = Assets.xcassets; sourceTree = "<group>"; };
		D081B01A2A9170CD00466C28 /* Base */ = {isa = PBXFileReference; lastKnownFileType = file.storyboard; name = Base; path = Base.lproj/LaunchScreen.storyboard; sourceTree = "<group>"; };
		D081B01C2A9170CD00466C28 /* Info.plist */ = {isa = PBXFileReference; lastKnownFileType = text.plist.xml; path = Info.plist; sourceTree = "<group>"; };
		D081B0222A91730B00466C28 /* AppCoordinator.swift */ = {isa = PBXFileReference; lastKnownFileType = sourcecode.swift; path = AppCoordinator.swift; sourceTree = "<group>"; };
		D081B0262A91771300466C28 /* MainViewModel.swift */ = {isa = PBXFileReference; lastKnownFileType = sourcecode.swift; path = MainViewModel.swift; sourceTree = "<group>"; };
		D081B02F2A9196DA00466C28 /* WeatherData.swift */ = {isa = PBXFileReference; lastKnownFileType = sourcecode.swift; path = WeatherData.swift; sourceTree = "<group>"; };
		D081B0362A919D8B00466C28 /* NetworkService.swift */ = {isa = PBXFileReference; lastKnownFileType = sourcecode.swift; path = NetworkService.swift; sourceTree = "<group>"; };
		D081B0382A919E2A00466C28 /* Endpoint.swift */ = {isa = PBXFileReference; lastKnownFileType = sourcecode.swift; path = Endpoint.swift; sourceTree = "<group>"; };
		D081B03C2A919EBF00466C28 /* Endpoint+URL.swift */ = {isa = PBXFileReference; lastKnownFileType = sourcecode.swift; path = "Endpoint+URL.swift"; sourceTree = "<group>"; };
		D081B03E2A91A05700466C28 /* Endpoint+City.swift */ = {isa = PBXFileReference; lastKnownFileType = sourcecode.swift; path = "Endpoint+City.swift"; sourceTree = "<group>"; };
		D081B0402A91A24F00466C28 /* NetworkError.swift */ = {isa = PBXFileReference; lastKnownFileType = sourcecode.swift; path = NetworkError.swift; sourceTree = "<group>"; };
		D081B0422A91A4A700466C28 /* Apikey.swift */ = {isa = PBXFileReference; lastKnownFileType = sourcecode.swift; path = Apikey.swift; sourceTree = "<group>"; };
		D081B0452A91A56900466C28 /* WeatherService.swift */ = {isa = PBXFileReference; lastKnownFileType = sourcecode.swift; path = WeatherService.swift; sourceTree = "<group>"; };
		D081B0482A91AEEB00466C28 /* UITextfield+Extensions.swift */ = {isa = PBXFileReference; lastKnownFileType = sourcecode.swift; path = "UITextfield+Extensions.swift"; sourceTree = "<group>"; };
/* End PBXFileReference section */

/* Begin PBXFrameworksBuildPhase section */
		D081B0082A9170CC00466C28 /* Frameworks */ = {
			isa = PBXFrameworksBuildPhase;
			buildActionMask = 2147483647;
			files = (
				D081B0332A9197FA00466C28 /* SnapKit in Frameworks */,
			);
			runOnlyForDeploymentPostprocessing = 0;
		};
/* End PBXFrameworksBuildPhase section */

/* Begin PBXGroup section */
		D0466CB92A943DAB0069C873 /* Constants */ = {
			isa = PBXGroup;
			children = (
				D0466CBA2A943DD70069C873 /* WeatherConstants.swift */,
				D0466CBC2A94F3790069C873 /* WeatherStateConstants.swift */,
			);
			path = Constants;
			sourceTree = "<group>";
		};
		D081B0022A9170CC00466C28 = {
			isa = PBXGroup;
			children = (
				D081B00D2A9170CC00466C28 /* WeatherApp */,
				D081B00C2A9170CC00466C28 /* Products */,
			);
			sourceTree = "<group>";
		};
		D081B00C2A9170CC00466C28 /* Products */ = {
			isa = PBXGroup;
			children = (
				D081B00B2A9170CC00466C28 /* WeatherApp.app */,
			);
			name = Products;
			sourceTree = "<group>";
		};
		D081B00D2A9170CC00466C28 /* WeatherApp */ = {
			isa = PBXGroup;
			children = (
				D0466CB92A943DAB0069C873 /* Constants */,
				D081B0472A91AED700466C28 /* Extensions */,
				D081B03A2A919E6900466C28 /* BusinessLogic */,
				D081B0342A919D6D00466C28 /* CoreLayer */,
				D081B02D2A91778000466C28 /* Coordinator */,
				D081B02C2A91777000466C28 /* ViewModels */,
				D081B02A2A91773400466C28 /* Controllers */,
				D081B02B2A91774200466C28 /* Settings */,
				D081B01C2A9170CD00466C28 /* Info.plist */,
				D081B0192A9170CD00466C28 /* LaunchScreen.storyboard */,
			);
			path = WeatherApp;
			sourceTree = "<group>";
		};
		D081B02A2A91773400466C28 /* Controllers */ = {
			isa = PBXGroup;
			children = (
				D081B0122A9170CC00466C28 /* MainViewController.swift */,
			);
			path = Controllers;
			sourceTree = "<group>";
		};
		D081B02B2A91774200466C28 /* Settings */ = {
			isa = PBXGroup;
			children = (
				D081B00E2A9170CC00466C28 /* AppDelegate.swift */,
				D081B0102A9170CC00466C28 /* SceneDelegate.swift */,
				D081B0172A9170CD00466C28 /* Assets.xcassets */,
			);
			path = Settings;
			sourceTree = "<group>";
		};
		D081B02C2A91777000466C28 /* ViewModels */ = {
			isa = PBXGroup;
			children = (
				D081B0262A91771300466C28 /* MainViewModel.swift */,
				D0466CB72A9427390069C873 /* WeatherState.swift */,
			);
			path = ViewModels;
			sourceTree = "<group>";
		};
		D081B02D2A91778000466C28 /* Coordinator */ = {
			isa = PBXGroup;
			children = (
				D081B0222A91730B00466C28 /* AppCoordinator.swift */,
			);
			path = Coordinator;
			sourceTree = "<group>";
		};
		D081B02E2A9196CF00466C28 /* Models */ = {
			isa = PBXGroup;
			children = (
				D081B02F2A9196DA00466C28 /* WeatherData.swift */,
			);
			path = Models;
			sourceTree = "<group>";
		};
		D081B0342A919D6D00466C28 /* CoreLayer */ = {
			isa = PBXGroup;
			children = (
				D081B0352A919D7A00466C28 /* Networking */,
			);
			path = CoreLayer;
			sourceTree = "<group>";
		};
		D081B0352A919D7A00466C28 /* Networking */ = {
			isa = PBXGroup;
			children = (
				D081B0362A919D8B00466C28 /* NetworkService.swift */,
				D081B0382A919E2A00466C28 /* Endpoint.swift */,
				D081B0402A91A24F00466C28 /* NetworkError.swift */,
			);
			path = Networking;
			sourceTree = "<group>";
		};
		D081B03A2A919E6900466C28 /* BusinessLogic */ = {
			isa = PBXGroup;
			children = (
				D081B0442A91A55C00466C28 /* Service */,
				D081B03B2A919EB100466C28 /* Endpoints */,
				D081B02E2A9196CF00466C28 /* Models */,
			);
			path = BusinessLogic;
			sourceTree = "<group>";
		};
		D081B03B2A919EB100466C28 /* Endpoints */ = {
			isa = PBXGroup;
			children = (
				D081B03C2A919EBF00466C28 /* Endpoint+URL.swift */,
				D081B0422A91A4A700466C28 /* Apikey.swift */,
				D081B03E2A91A05700466C28 /* Endpoint+City.swift */,
			);
			path = Endpoints;
			sourceTree = "<group>";
		};
		D081B0442A91A55C00466C28 /* Service */ = {
			isa = PBXGroup;
			children = (
				D081B0452A91A56900466C28 /* WeatherService.swift */,
			);
			path = Service;
			sourceTree = "<group>";
		};
		D081B0472A91AED700466C28 /* Extensions */ = {
			isa = PBXGroup;
			children = (
				D0466CB52A93AB8C0069C873 /* UIView+Extension.swift */,
				D081B0482A91AEEB00466C28 /* UITextfield+Extensions.swift */,
			);
			path = Extensions;
			sourceTree = "<group>";
		};
/* End PBXGroup section */

/* Begin PBXNativeTarget section */
		D081B00A2A9170CC00466C28 /* WeatherApp */ = {
			isa = PBXNativeTarget;
			buildConfigurationList = D081B01F2A9170CD00466C28 /* Build configuration list for PBXNativeTarget "WeatherApp" */;
			buildPhases = (
				D081B0072A9170CC00466C28 /* Sources */,
				D081B0082A9170CC00466C28 /* Frameworks */,
				D081B0092A9170CC00466C28 /* Resources */,
			);
			buildRules = (
			);
			dependencies = (
			);
			name = WeatherApp;
			packageProductDependencies = (
				D081B0322A9197FA00466C28 /* SnapKit */,
			);
			productName = WeatherApp;
			productReference = D081B00B2A9170CC00466C28 /* WeatherApp.app */;
			productType = "com.apple.product-type.application";
		};
/* End PBXNativeTarget section */

/* Begin PBXProject section */
		D081B0032A9170CC00466C28 /* Project object */ = {
			isa = PBXProject;
			attributes = {
				BuildIndependentTargetsInParallel = 1;
				LastSwiftUpdateCheck = 1430;
				LastUpgradeCheck = 1430;
				TargetAttributes = {
					D081B00A2A9170CC00466C28 = {
						CreatedOnToolsVersion = 14.3.1;
					};
				};
			};
			buildConfigurationList = D081B0062A9170CC00466C28 /* Build configuration list for PBXProject "WeatherApp" */;
			compatibilityVersion = "Xcode 14.0";
			developmentRegion = en;
			hasScannedForEncodings = 0;
			knownRegions = (
				en,
				Base,
			);
			mainGroup = D081B0022A9170CC00466C28;
			packageReferences = (
				D081B0312A9197FA00466C28 /* XCRemoteSwiftPackageReference "SnapKit" */,
			);
			productRefGroup = D081B00C2A9170CC00466C28 /* Products */;
			projectDirPath = "";
			projectRoot = "";
			targets = (
				D081B00A2A9170CC00466C28 /* WeatherApp */,
			);
		};
/* End PBXProject section */

/* Begin PBXResourcesBuildPhase section */
		D081B0092A9170CC00466C28 /* Resources */ = {
			isa = PBXResourcesBuildPhase;
			buildActionMask = 2147483647;
			files = (
				D081B01B2A9170CD00466C28 /* LaunchScreen.storyboard in Resources */,
				D081B0182A9170CD00466C28 /* Assets.xcassets in Resources */,
			);
			runOnlyForDeploymentPostprocessing = 0;
		};
/* End PBXResourcesBuildPhase section */

/* Begin PBXSourcesBuildPhase section */
		D081B0072A9170CC00466C28 /* Sources */ = {
			isa = PBXSourcesBuildPhase;
			buildActionMask = 2147483647;
			files = (
				D081B0232A91730B00466C28 /* AppCoordinator.swift in Sources */,
				D081B0132A9170CC00466C28 /* MainViewController.swift in Sources */,
				D0466CBD2A94F3790069C873 /* WeatherStateConstants.swift in Sources */,
				D081B00F2A9170CC00466C28 /* AppDelegate.swift in Sources */,
				D081B0392A919E2A00466C28 /* Endpoint.swift in Sources */,
				D081B0372A919D8B00466C28 /* NetworkService.swift in Sources */,
				D0466CB62A93AB8C0069C873 /* UIView+Extension.swift in Sources */,
				D081B0112A9170CC00466C28 /* SceneDelegate.swift in Sources */,
				D081B03D2A919EBF00466C28 /* Endpoint+URL.swift in Sources */,
				D081B0492A91AEEB00466C28 /* UITextfield+Extensions.swift in Sources */,
				D0466CBB2A943DD70069C873 /* WeatherConstants.swift in Sources */,
				D081B0302A9196DA00466C28 /* WeatherData.swift in Sources */,
				D081B0462A91A56900466C28 /* WeatherService.swift in Sources */,
				D081B0412A91A24F00466C28 /* NetworkError.swift in Sources */,
				D081B0272A91771300466C28 /* MainViewModel.swift in Sources */,
				D081B0432A91A4A700466C28 /* Apikey.swift in Sources */,
				D0466CB82A9427390069C873 /* WeatherState.swift in Sources */,
				D081B03F2A91A05700466C28 /* Endpoint+City.swift in Sources */,
			);
			runOnlyForDeploymentPostprocessing = 0;
		};
/* End PBXSourcesBuildPhase section */

/* Begin PBXVariantGroup section */
		D081B0192A9170CD00466C28 /* LaunchScreen.storyboard */ = {
			isa = PBXVariantGroup;
			children = (
				D081B01A2A9170CD00466C28 /* Base */,
			);
			name = LaunchScreen.storyboard;
			sourceTree = "<group>";
		};
/* End PBXVariantGroup section */

/* Begin XCBuildConfiguration section */
		D081B01D2A9170CD00466C28 /* Debug */ = {
			isa = XCBuildConfiguration;
			buildSettings = {
				ALWAYS_SEARCH_USER_PATHS = NO;
				CLANG_ANALYZER_NONNULL = YES;
				CLANG_ANALYZER_NUMBER_OBJECT_CONVERSION = YES_AGGRESSIVE;
				CLANG_CXX_LANGUAGE_STANDARD = "gnu++20";
				CLANG_ENABLE_MODULES = YES;
				CLANG_ENABLE_OBJC_ARC = YES;
				CLANG_ENABLE_OBJC_WEAK = YES;
				CLANG_WARN_BLOCK_CAPTURE_AUTORELEASING = YES;
				CLANG_WARN_BOOL_CONVERSION = YES;
				CLANG_WARN_COMMA = YES;
				CLANG_WARN_CONSTANT_CONVERSION = YES;
				CLANG_WARN_DEPRECATED_OBJC_IMPLEMENTATIONS = YES;
				CLANG_WARN_DIRECT_OBJC_ISA_USAGE = YES_ERROR;
				CLANG_WARN_DOCUMENTATION_COMMENTS = YES;
				CLANG_WARN_EMPTY_BODY = YES;
				CLANG_WARN_ENUM_CONVERSION = YES;
				CLANG_WARN_INFINITE_RECURSION = YES;
				CLANG_WARN_INT_CONVERSION = YES;
				CLANG_WARN_NON_LITERAL_NULL_CONVERSION = YES;
				CLANG_WARN_OBJC_IMPLICIT_RETAIN_SELF = YES;
				CLANG_WARN_OBJC_LITERAL_CONVERSION = YES;
				CLANG_WARN_OBJC_ROOT_CLASS = YES_ERROR;
				CLANG_WARN_QUOTED_INCLUDE_IN_FRAMEWORK_HEADER = YES;
				CLANG_WARN_RANGE_LOOP_ANALYSIS = YES;
				CLANG_WARN_STRICT_PROTOTYPES = YES;
				CLANG_WARN_SUSPICIOUS_MOVE = YES;
				CLANG_WARN_UNGUARDED_AVAILABILITY = YES_AGGRESSIVE;
				CLANG_WARN_UNREACHABLE_CODE = YES;
				CLANG_WARN__DUPLICATE_METHOD_MATCH = YES;
				COPY_PHASE_STRIP = NO;
				DEBUG_INFORMATION_FORMAT = dwarf;
				ENABLE_STRICT_OBJC_MSGSEND = YES;
				ENABLE_TESTABILITY = YES;
				GCC_C_LANGUAGE_STANDARD = gnu11;
				GCC_DYNAMIC_NO_PIC = NO;
				GCC_NO_COMMON_BLOCKS = YES;
				GCC_OPTIMIZATION_LEVEL = 0;
				GCC_PREPROCESSOR_DEFINITIONS = (
					"DEBUG=1",
					"$(inherited)",
				);
				GCC_WARN_64_TO_32_BIT_CONVERSION = YES;
				GCC_WARN_ABOUT_RETURN_TYPE = YES_ERROR;
				GCC_WARN_UNDECLARED_SELECTOR = YES;
				GCC_WARN_UNINITIALIZED_AUTOS = YES_AGGRESSIVE;
				GCC_WARN_UNUSED_FUNCTION = YES;
				GCC_WARN_UNUSED_VARIABLE = YES;
				IPHONEOS_DEPLOYMENT_TARGET = 16.4;
				MTL_ENABLE_DEBUG_INFO = INCLUDE_SOURCE;
				MTL_FAST_MATH = YES;
				ONLY_ACTIVE_ARCH = YES;
				SDKROOT = iphoneos;
				SWIFT_ACTIVE_COMPILATION_CONDITIONS = DEBUG;
				SWIFT_OPTIMIZATION_LEVEL = "-Onone";
			};
			name = Debug;
		};
		D081B01E2A9170CD00466C28 /* Release */ = {
			isa = XCBuildConfiguration;
			buildSettings = {
				ALWAYS_SEARCH_USER_PATHS = NO;
				CLANG_ANALYZER_NONNULL = YES;
				CLANG_ANALYZER_NUMBER_OBJECT_CONVERSION = YES_AGGRESSIVE;
				CLANG_CXX_LANGUAGE_STANDARD = "gnu++20";
				CLANG_ENABLE_MODULES = YES;
				CLANG_ENABLE_OBJC_ARC = YES;
				CLANG_ENABLE_OBJC_WEAK = YES;
				CLANG_WARN_BLOCK_CAPTURE_AUTORELEASING = YES;
				CLANG_WARN_BOOL_CONVERSION = YES;
				CLANG_WARN_COMMA = YES;
				CLANG_WARN_CONSTANT_CONVERSION = YES;
				CLANG_WARN_DEPRECATED_OBJC_IMPLEMENTATIONS = YES;
				CLANG_WARN_DIRECT_OBJC_ISA_USAGE = YES_ERROR;
				CLANG_WARN_DOCUMENTATION_COMMENTS = YES;
				CLANG_WARN_EMPTY_BODY = YES;
				CLANG_WARN_ENUM_CONVERSION = YES;
				CLANG_WARN_INFINITE_RECURSION = YES;
				CLANG_WARN_INT_CONVERSION = YES;
				CLANG_WARN_NON_LITERAL_NULL_CONVERSION = YES;
				CLANG_WARN_OBJC_IMPLICIT_RETAIN_SELF = YES;
				CLANG_WARN_OBJC_LITERAL_CONVERSION = YES;
				CLANG_WARN_OBJC_ROOT_CLASS = YES_ERROR;
				CLANG_WARN_QUOTED_INCLUDE_IN_FRAMEWORK_HEADER = YES;
				CLANG_WARN_RANGE_LOOP_ANALYSIS = YES;
				CLANG_WARN_STRICT_PROTOTYPES = YES;
				CLANG_WARN_SUSPICIOUS_MOVE = YES;
				CLANG_WARN_UNGUARDED_AVAILABILITY = YES_AGGRESSIVE;
				CLANG_WARN_UNREACHABLE_CODE = YES;
				CLANG_WARN__DUPLICATE_METHOD_MATCH = YES;
				COPY_PHASE_STRIP = NO;
				DEBUG_INFORMATION_FORMAT = "dwarf-with-dsym";
				ENABLE_NS_ASSERTIONS = NO;
				ENABLE_STRICT_OBJC_MSGSEND = YES;
				GCC_C_LANGUAGE_STANDARD = gnu11;
				GCC_NO_COMMON_BLOCKS = YES;
				GCC_WARN_64_TO_32_BIT_CONVERSION = YES;
				GCC_WARN_ABOUT_RETURN_TYPE = YES_ERROR;
				GCC_WARN_UNDECLARED_SELECTOR = YES;
				GCC_WARN_UNINITIALIZED_AUTOS = YES_AGGRESSIVE;
				GCC_WARN_UNUSED_FUNCTION = YES;
				GCC_WARN_UNUSED_VARIABLE = YES;
				IPHONEOS_DEPLOYMENT_TARGET = 16.4;
				MTL_ENABLE_DEBUG_INFO = NO;
				MTL_FAST_MATH = YES;
				SDKROOT = iphoneos;
				SWIFT_COMPILATION_MODE = wholemodule;
				SWIFT_OPTIMIZATION_LEVEL = "-O";
				VALIDATE_PRODUCT = YES;
			};
			name = Release;
		};
		D081B0202A9170CD00466C28 /* Debug */ = {
			isa = XCBuildConfiguration;
			buildSettings = {
				ASSETCATALOG_COMPILER_APPICON_NAME = AppIcon;
				ASSETCATALOG_COMPILER_GLOBAL_ACCENT_COLOR_NAME = AccentColor;
				CODE_SIGN_STYLE = Automatic;
				CURRENT_PROJECT_VERSION = 1;
				DEVELOPMENT_TEAM = 3GM562BC5S;
				GENERATE_INFOPLIST_FILE = YES;
				INFOPLIST_FILE = WeatherApp/Info.plist;
				INFOPLIST_KEY_UIApplicationSupportsIndirectInputEvents = YES;
				INFOPLIST_KEY_UILaunchStoryboardName = LaunchScreen;
				INFOPLIST_KEY_UISupportedInterfaceOrientations = UIInterfaceOrientationPortrait;
				INFOPLIST_KEY_UISupportedInterfaceOrientations_iPad = "UIInterfaceOrientationLandscapeLeft UIInterfaceOrientationLandscapeRight UIInterfaceOrientationPortrait UIInterfaceOrientationPortraitUpsideDown";
				IPHONEOS_DEPLOYMENT_TARGET = 14.0;
				LD_RUNPATH_SEARCH_PATHS = (
					"$(inherited)",
					"@executable_path/Frameworks",
				);
				MARKETING_VERSION = 1.0;
				PRODUCT_BUNDLE_IDENTIFIER = Junior.WeatherApp;
				PRODUCT_NAME = "$(TARGET_NAME)";
				SUPPORTED_PLATFORMS = "iphoneos iphonesimulator";
				SUPPORTS_MACCATALYST = NO;
				SUPPORTS_MAC_DESIGNED_FOR_IPHONE_IPAD = NO;
				SWIFT_EMIT_LOC_STRINGS = YES;
				SWIFT_VERSION = 5.0;
				TARGETED_DEVICE_FAMILY = 1;
			};
			name = Debug;
		};
		D081B0212A9170CD00466C28 /* Release */ = {
			isa = XCBuildConfiguration;
			buildSettings = {
				ASSETCATALOG_COMPILER_APPICON_NAME = AppIcon;
				ASSETCATALOG_COMPILER_GLOBAL_ACCENT_COLOR_NAME = AccentColor;
				CODE_SIGN_STYLE = Automatic;
				CURRENT_PROJECT_VERSION = 1;
				DEVELOPMENT_TEAM = 3GM562BC5S;
				GENERATE_INFOPLIST_FILE = YES;
				INFOPLIST_FILE = WeatherApp/Info.plist;
				INFOPLIST_KEY_UIApplicationSupportsIndirectInputEvents = YES;
				INFOPLIST_KEY_UILaunchStoryboardName = LaunchScreen;
				INFOPLIST_KEY_UISupportedInterfaceOrientations = UIInterfaceOrientationPortrait;
				INFOPLIST_KEY_UISupportedInterfaceOrientations_iPad = "UIInterfaceOrientationLandscapeLeft UIInterfaceOrientationLandscapeRight UIInterfaceOrientationPortrait UIInterfaceOrientationPortraitUpsideDown";
				IPHONEOS_DEPLOYMENT_TARGET = 14.0;
				LD_RUNPATH_SEARCH_PATHS = (
					"$(inherited)",
					"@executable_path/Frameworks",
				);
				MARKETING_VERSION = 1.0;
				PRODUCT_BUNDLE_IDENTIFIER = Junior.WeatherApp;
				PRODUCT_NAME = "$(TARGET_NAME)";
				SUPPORTED_PLATFORMS = "iphoneos iphonesimulator";
				SUPPORTS_MACCATALYST = NO;
				SUPPORTS_MAC_DESIGNED_FOR_IPHONE_IPAD = NO;
				SWIFT_EMIT_LOC_STRINGS = YES;
				SWIFT_VERSION = 5.0;
				TARGETED_DEVICE_FAMILY = 1;
			};
			name = Release;
		};
/* End XCBuildConfiguration section */

/* Begin XCConfigurationList section */
		D081B0062A9170CC00466C28 /* Build configuration list for PBXProject "WeatherApp" */ = {
			isa = XCConfigurationList;
			buildConfigurations = (
				D081B01D2A9170CD00466C28 /* Debug */,
				D081B01E2A9170CD00466C28 /* Release */,
			);
			defaultConfigurationIsVisible = 0;
			defaultConfigurationName = Release;
		};
		D081B01F2A9170CD00466C28 /* Build configuration list for PBXNativeTarget "WeatherApp" */ = {
			isa = XCConfigurationList;
			buildConfigurations = (
				D081B0202A9170CD00466C28 /* Debug */,
				D081B0212A9170CD00466C28 /* Release */,
			);
			defaultConfigurationIsVisible = 0;
			defaultConfigurationName = Release;
		};
/* End XCConfigurationList section */

/* Begin XCRemoteSwiftPackageReference section */
		D081B0312A9197FA00466C28 /* XCRemoteSwiftPackageReference "SnapKit" */ = {
			isa = XCRemoteSwiftPackageReference;
			repositoryURL = "https://github.com/SnapKit/SnapKit.git";
			requirement = {
				kind = upToNextMajorVersion;
				minimumVersion = 5.0.0;
			};
		};
/* End XCRemoteSwiftPackageReference section */

/* Begin XCSwiftPackageProductDependency section */
		D081B0322A9197FA00466C28 /* SnapKit */ = {
			isa = XCSwiftPackageProductDependency;
			package = D081B0312A9197FA00466C28 /* XCRemoteSwiftPackageReference "SnapKit" */;
			productName = SnapKit;
		};
/* End XCSwiftPackageProductDependency section */
	};
	rootObject = D081B0032A9170CC00466C28 /* Project object */;
}
